
Microsoft Visual Studio Solution File, Format Version 12.00
# Visual Studio Version 17
VisualStudioVersion = 17.8.34511.84
MinimumVisualStudioVersion = 10.0.40219.1
Project("{FAE04EC0-301F-11D3-BF4B-00C04F79EFBC}") = "MFClientAppDeploymentAutomation", "MFClientAppDeploymentAutomation\MFClientAppDeploymentAutomation.csproj", "{CF10C9DE-7370-4CB7-9A7C-C724CE9177BD}"
EndProject
Global
	GlobalSection(SolutionConfigurationPlatforms) = preSolution
		Debug|Any CPU = Debug|Any CPU
		Release|Any CPU = Release|Any CPU
	EndGlobalSection
	GlobalSection(ProjectConfigurationPlatforms) = postSolution
		{CF10C9DE-7370-4CB7-9A7C-C724CE9177BD}.Debug|Any CPU.ActiveCfg = Debug|Any CPU
		{CF10C9DE-7370-4CB7-9A7C-C724CE9177BD}.Debug|Any CPU.Build.0 = Debug|Any CPU
		{CF10C9DE-7370-4CB7-9A7C-C724CE9177BD}.Release|Any CPU.ActiveCfg = Release|Any CPU
		{CF10C9DE-7370-4CB7-9A7C-C724CE9177BD}.Release|Any CPU.Build.0 = Release|Any CPU
	EndGlobalSection
	GlobalSection(SolutionProperties) = preSolution
		HideSolutionNode = FALSE
	EndGlobalSection
	GlobalSection(ExtensibilityGlobals) = postSolution
		SolutionGuid = {05EAD008-B21B-483A-8C34-03FC85E1DB35}
	EndGlobalSection
EndGlobal
